
Microsoft Visual Studio Solution File, Format Version 12.00
Project("{FAE04EC0-301F-11D3-BF4B-00C04F79EFBC}") = "McDynMapTimelapse", "McDynMapTimelapse\McDynMapTimelapse.csproj", "{1BA17785-3C0F-457B-8E2D-6C8049330B5D}"
EndProject
Project("{2150E333-8FDC-42A3-9474-1A3956D46DE8}") = "SolutionFolder", "SolutionFolder", "{22836876-C9D7-4A73-9602-AAFB15D10E58}"
	ProjectSection(SolutionItems) = preProject
		.gitignore = .gitignore
		LICENSE = LICENSE
		README.md = README.md
	EndProjectSection
EndProject
Global
	GlobalSection(SolutionConfigurationPlatforms) = preSolution
		Debug|Any CPU = Debug|Any CPU
		Release|Any CPU = Release|Any CPU
	EndGlobalSection
	GlobalSection(ProjectConfigurationPlatforms) = postSolution
		{1BA17785-3C0F-457B-8E2D-6C8049330B5D}.Debug|Any CPU.ActiveCfg = Debug|Any CPU
		{1BA17785-3C0F-457B-8E2D-6C8049330B5D}.Debug|Any CPU.Build.0 = Debug|Any CPU
		{1BA17785-3C0F-457B-8E2D-6C8049330B5D}.Release|Any CPU.ActiveCfg = Release|Any CPU
		{1BA17785-3C0F-457B-8E2D-6C8049330B5D}.Release|Any CPU.Build.0 = Release|Any CPU
	EndGlobalSection
EndGlobal
